// !$*UTF8*$!
{
	archiveVersion = 1;
	classes = {
	};
	objectVersion = 50;
	objects = {

/* Begin PBXBuildFile section */
		AA022AFE2165710F009F9F75 /* AppDelegate.swift in Sources */ = {isa = PBXBuildFile; fileRef = AA022AFD2165710F009F9F75 /* AppDelegate.swift */; };
		AA022B032165710F009F9F75 /* Main.storyboard in Resources */ = {isa = PBXBuildFile; fileRef = AA022B012165710F009F9F75 /* Main.storyboard */; };
		AA022B0521657110009F9F75 /* Assets.xcassets in Resources */ = {isa = PBXBuildFile; fileRef = AA022B0421657110009F9F75 /* Assets.xcassets */; };
		AA022B0821657110009F9F75 /* LaunchScreen.storyboard in Resources */ = {isa = PBXBuildFile; fileRef = AA022B0621657110009F9F75 /* LaunchScreen.storyboard */; };
		AA022B1521657554009F9F75 /* ExSpecies.swift in Sources */ = {isa = PBXBuildFile; fileRef = AA022B1421657554009F9F75 /* ExSpecies.swift */; };
		AA022B1721657942009F9F75 /* ExPlace.swift in Sources */ = {isa = PBXBuildFile; fileRef = AA022B1621657942009F9F75 /* ExPlace.swift */; };
		AA022B1921657C51009F9F75 /* Place.swift in Sources */ = {isa = PBXBuildFile; fileRef = AA022B1821657C51009F9F75 /* Place.swift */; };
		AA022B1B216589E2009F9F75 /* Place+CoreLocation.swift in Sources */ = {isa = PBXBuildFile; fileRef = AA022B1A216589E2009F9F75 /* Place+CoreLocation.swift */; };
		AA022B1D21658F83009F9F75 /* NamedPlace.swift in Sources */ = {isa = PBXBuildFile; fileRef = AA022B1C21658F83009F9F75 /* NamedPlace.swift */; };
		AA022B1F2165B186009F9F75 /* ExThingsTableViewController.swift in Sources */ = {isa = PBXBuildFile; fileRef = AA022B1E2165B186009F9F75 /* ExThingsTableViewController.swift */; };
		AA022B212165BB03009F9F75 /* ExSpeciesService.swift in Sources */ = {isa = PBXBuildFile; fileRef = AA022B202165BB03009F9F75 /* ExSpeciesService.swift */; };
		AA022B232165D9CC009F9F75 /* ExPlacesService.swift in Sources */ = {isa = PBXBuildFile; fileRef = AA022B222165D9CC009F9F75 /* ExPlacesService.swift */; };
		AA022B2521660560009F9F75 /* ExPlaceDetailViewController.swift in Sources */ = {isa = PBXBuildFile; fileRef = AA022B2421660560009F9F75 /* ExPlaceDetailViewController.swift */; };
		AA022B29216AABB1009F9F75 /* ExSpeciesDetailViewController.swift in Sources */ = {isa = PBXBuildFile; fileRef = AA022B28216AABB1009F9F75 /* ExSpeciesDetailViewController.swift */; };
		AA022B2D216AB261009F9F75 /* ExThing.swift in Sources */ = {isa = PBXBuildFile; fileRef = AA022B2C216AB261009F9F75 /* ExThing.swift */; };
		AA022B2F216BE9FC009F9F75 /* ExSpeciesWidgetViewController.swift in Sources */ = {isa = PBXBuildFile; fileRef = AA022B2E216BE9FC009F9F75 /* ExSpeciesWidgetViewController.swift */; };
		AA022B31216C1431009F9F75 /* MapViewController.swift in Sources */ = {isa = PBXBuildFile; fileRef = AA022B30216C1431009F9F75 /* MapViewController.swift */; };
		AA022B33216C224F009F9F75 /* AnnotatedPlace.swift in Sources */ = {isa = PBXBuildFile; fileRef = AA022B32216C224F009F9F75 /* AnnotatedPlace.swift */; };
		AA022B35216C231E009F9F75 /* AnnotatedPlace+MapKit.swift in Sources */ = {isa = PBXBuildFile; fileRef = AA022B34216C231E009F9F75 /* AnnotatedPlace+MapKit.swift */; };
		AA022B37216C96AC009F9F75 /* ExPlacesTableViewController.swift in Sources */ = {isa = PBXBuildFile; fileRef = AA022B36216C96AC009F9F75 /* ExPlacesTableViewController.swift */; };
		AA022B3B216C9AA0009F9F75 /* SettingsViewController.swift in Sources */ = {isa = PBXBuildFile; fileRef = AA022B3A216C9AA0009F9F75 /* SettingsViewController.swift */; };
		AA022B43216D6141009F9F75 /* ExSpeciesTableViewController.swift in Sources */ = {isa = PBXBuildFile; fileRef = AA022B42216D6141009F9F75 /* ExSpeciesTableViewController.swift */; };
		AA022B47216DCC85009F9F75 /* ExThingsSplitViewController.swift in Sources */ = {isa = PBXBuildFile; fileRef = AA022B46216DCC85009F9F75 /* ExThingsSplitViewController.swift */; };
		AA73B4CF217264B100F7BBF6 /* NoteEditorViewController.swift in Sources */ = {isa = PBXBuildFile; fileRef = AA73B4CE217264B100F7BBF6 /* NoteEditorViewController.swift */; };
		AA73B4F12175400300F7BBF6 /* Preferences.swift in Sources */ = {isa = PBXBuildFile; fileRef = AA73B4F02175400300F7BBF6 /* Preferences.swift */; };
		AA73B4F32175601200F7BBF6 /* ViewControllerUtilities.swift in Sources */ = {isa = PBXBuildFile; fileRef = AA73B4F22175601200F7BBF6 /* ViewControllerUtilities.swift */; };
		AA73B4F721756FAD00F7BBF6 /* TextConsumer.swift in Sources */ = {isa = PBXBuildFile; fileRef = AA73B4F621756FAD00F7BBF6 /* TextConsumer.swift */; };
		AA73B4F92175A77100F7BBF6 /* ExThingsTabBarController.swift in Sources */ = {isa = PBXBuildFile; fileRef = AA73B4F82175A77100F7BBF6 /* ExThingsTabBarController.swift */; };
		AA73B5192176962900F7BBF6 /* SegueDelegate.swift in Sources */ = {isa = PBXBuildFile; fileRef = AA73B5182176962900F7BBF6 /* SegueDelegate.swift */; };
		AA73B51B2176963200F7BBF6 /* DelegatedSegueViewController.swift in Sources */ = {isa = PBXBuildFile; fileRef = AA73B51A2176963100F7BBF6 /* DelegatedSegueViewController.swift */; };
		AA73B5212176B48200F7BBF6 /* Coordinator.swift in Sources */ = {isa = PBXBuildFile; fileRef = AA73B5202176B48200F7BBF6 /* Coordinator.swift */; };
		AA73B5232176B63800F7BBF6 /* Storyboarded.swift in Sources */ = {isa = PBXBuildFile; fileRef = AA73B5222176B63800F7BBF6 /* Storyboarded.swift */; };
		AA73B5252176B8DB00F7BBF6 /* ExThingsNavigationController.swift in Sources */ = {isa = PBXBuildFile; fileRef = AA73B5242176B8DB00F7BBF6 /* ExThingsNavigationController.swift */; };
		AA73B52B2176EF5A00F7BBF6 /* MainNavigationCoordinator.swift in Sources */ = {isa = PBXBuildFile; fileRef = AA73B52A2176EF5A00F7BBF6 /* MainNavigationCoordinator.swift */; };
		AA73B52D2176EFC500F7BBF6 /* MainTabBarCoordinator.swift in Sources */ = {isa = PBXBuildFile; fileRef = AA73B52C2176EFC500F7BBF6 /* MainTabBarCoordinator.swift */; };
		AA73B52F2176F01600F7BBF6 /* MainSplitViewCoordinator.swift in Sources */ = {isa = PBXBuildFile; fileRef = AA73B52E2176F01600F7BBF6 /* MainSplitViewCoordinator.swift */; };
		AA73B5312176FCED00F7BBF6 /* ExThingsTableCoordinator.swift in Sources */ = {isa = PBXBuildFile; fileRef = AA73B5302176FCED00F7BBF6 /* ExThingsTableCoordinator.swift */; };
		AA73B53321770A1C00F7BBF6 /* SettingsCoordinator.swift in Sources */ = {isa = PBXBuildFile; fileRef = AA73B53221770A1C00F7BBF6 /* SettingsCoordinator.swift */; };
		AA73B5352177125E00F7BBF6 /* ExPlaceDetailCoordinator.swift in Sources */ = {isa = PBXBuildFile; fileRef = AA73B5342177125E00F7BBF6 /* ExPlaceDetailCoordinator.swift */; };
		AA73B537217716E900F7BBF6 /* ExSpeciesDetailCoordinator.swift in Sources */ = {isa = PBXBuildFile; fileRef = AA73B536217716E900F7BBF6 /* ExSpeciesDetailCoordinator.swift */; };
		AA73B53921771FE900F7BBF6 /* MapCoordinator.swift in Sources */ = {isa = PBXBuildFile; fileRef = AA73B53821771FE900F7BBF6 /* MapCoordinator.swift */; };
		AA73B53B217721E700F7BBF6 /* NoteEditorCoordinator.swift in Sources */ = {isa = PBXBuildFile; fileRef = AA73B53A217721E700F7BBF6 /* NoteEditorCoordinator.swift */; };
		AAE1A685216E7FF00055FC9A /* ExPlaceDetailInSplitViewViewController.swift in Sources */ = {isa = PBXBuildFile; fileRef = AAE1A684216E7FF00055FC9A /* ExPlaceDetailInSplitViewViewController.swift */; };
		AAE1A687216E8BF70055FC9A /* ExSpeciesDetailInSplitViewViewController.swift in Sources */ = {isa = PBXBuildFile; fileRef = AAE1A686216E8BF70055FC9A /* ExSpeciesDetailInSplitViewViewController.swift */; };
		AAE1A689216E9A370055FC9A /* ExThingsTableInSplitViewViewController.swift in Sources */ = {isa = PBXBuildFile; fileRef = AAE1A688216E9A370055FC9A /* ExThingsTableInSplitViewViewController.swift */; };
/* End PBXBuildFile section */

/* Begin PBXFileReference section */
		AA022AFA2165710F009F9F75 /* ExThings.app */ = {isa = PBXFileReference; explicitFileType = wrapper.application; includeInIndex = 0; path = ExThings.app; sourceTree = BUILT_PRODUCTS_DIR; };
		AA022AFD2165710F009F9F75 /* AppDelegate.swift */ = {isa = PBXFileReference; lastKnownFileType = sourcecode.swift; path = AppDelegate.swift; sourceTree = "<group>"; };
		AA022B022165710F009F9F75 /* Base */ = {isa = PBXFileReference; lastKnownFileType = file.storyboard; name = Base; path = Base.lproj/Main.storyboard; sourceTree = "<group>"; };
		AA022B0421657110009F9F75 /* Assets.xcassets */ = {isa = PBXFileReference; lastKnownFileType = folder.assetcatalog; path = Assets.xcassets; sourceTree = "<group>"; };
		AA022B0721657110009F9F75 /* Base */ = {isa = PBXFileReference; lastKnownFileType = file.storyboard; name = Base; path = Base.lproj/LaunchScreen.storyboard; sourceTree = "<group>"; };
		AA022B0921657110009F9F75 /* Info.plist */ = {isa = PBXFileReference; lastKnownFileType = text.plist.xml; path = Info.plist; sourceTree = "<group>"; };
		AA022B1421657554009F9F75 /* ExSpecies.swift */ = {isa = PBXFileReference; lastKnownFileType = sourcecode.swift; path = ExSpecies.swift; sourceTree = "<group>"; };
		AA022B1621657942009F9F75 /* ExPlace.swift */ = {isa = PBXFileReference; lastKnownFileType = sourcecode.swift; path = ExPlace.swift; sourceTree = "<group>"; };
		AA022B1821657C51009F9F75 /* Place.swift */ = {isa = PBXFileReference; lastKnownFileType = sourcecode.swift; path = Place.swift; sourceTree = "<group>"; };
		AA022B1A216589E2009F9F75 /* Place+CoreLocation.swift */ = {isa = PBXFileReference; lastKnownFileType = sourcecode.swift; path = "Place+CoreLocation.swift"; sourceTree = "<group>"; };
		AA022B1C21658F83009F9F75 /* NamedPlace.swift */ = {isa = PBXFileReference; lastKnownFileType = sourcecode.swift; path = NamedPlace.swift; sourceTree = "<group>"; };
		AA022B1E2165B186009F9F75 /* ExThingsTableViewController.swift */ = {isa = PBXFileReference; lastKnownFileType = sourcecode.swift; path = ExThingsTableViewController.swift; sourceTree = "<group>"; };
		AA022B202165BB03009F9F75 /* ExSpeciesService.swift */ = {isa = PBXFileReference; lastKnownFileType = sourcecode.swift; path = ExSpeciesService.swift; sourceTree = "<group>"; };
		AA022B222165D9CC009F9F75 /* ExPlacesService.swift */ = {isa = PBXFileReference; lastKnownFileType = sourcecode.swift; path = ExPlacesService.swift; sourceTree = "<group>"; };
		AA022B2421660560009F9F75 /* ExPlaceDetailViewController.swift */ = {isa = PBXFileReference; lastKnownFileType = sourcecode.swift; name = ExPlaceDetailViewController.swift; path = ExThings/controller/ExPlaceDetailViewController.swift; sourceTree = SOURCE_ROOT; };
		AA022B28216AABB1009F9F75 /* ExSpeciesDetailViewController.swift */ = {isa = PBXFileReference; lastKnownFileType = sourcecode.swift; path = ExSpeciesDetailViewController.swift; sourceTree = "<group>"; };
		AA022B2C216AB261009F9F75 /* ExThing.swift */ = {isa = PBXFileReference; lastKnownFileType = sourcecode.swift; path = ExThing.swift; sourceTree = "<group>"; };
		AA022B2E216BE9FC009F9F75 /* ExSpeciesWidgetViewController.swift */ = {isa = PBXFileReference; lastKnownFileType = sourcecode.swift; path = ExSpeciesWidgetViewController.swift; sourceTree = "<group>"; };
		AA022B30216C1431009F9F75 /* MapViewController.swift */ = {isa = PBXFileReference; lastKnownFileType = sourcecode.swift; path = MapViewController.swift; sourceTree = "<group>"; };
		AA022B32216C224F009F9F75 /* AnnotatedPlace.swift */ = {isa = PBXFileReference; lastKnownFileType = sourcecode.swift; path = AnnotatedPlace.swift; sourceTree = "<group>"; };
		AA022B34216C231E009F9F75 /* AnnotatedPlace+MapKit.swift */ = {isa = PBXFileReference; lastKnownFileType = sourcecode.swift; path = "AnnotatedPlace+MapKit.swift"; sourceTree = "<group>"; };
		AA022B36216C96AC009F9F75 /* ExPlacesTableViewController.swift */ = {isa = PBXFileReference; lastKnownFileType = sourcecode.swift; path = ExPlacesTableViewController.swift; sourceTree = "<group>"; };
		AA022B3A216C9AA0009F9F75 /* SettingsViewController.swift */ = {isa = PBXFileReference; lastKnownFileType = sourcecode.swift; path = SettingsViewController.swift; sourceTree = "<group>"; };
		AA022B42216D6141009F9F75 /* ExSpeciesTableViewController.swift */ = {isa = PBXFileReference; lastKnownFileType = sourcecode.swift; path = ExSpeciesTableViewController.swift; sourceTree = "<group>"; };
		AA022B46216DCC85009F9F75 /* ExThingsSplitViewController.swift */ = {isa = PBXFileReference; lastKnownFileType = sourcecode.swift; path = ExThingsSplitViewController.swift; sourceTree = "<group>"; };
		AA73B4CE217264B100F7BBF6 /* NoteEditorViewController.swift */ = {isa = PBXFileReference; lastKnownFileType = sourcecode.swift; path = NoteEditorViewController.swift; sourceTree = "<group>"; };
		AA73B4F02175400300F7BBF6 /* Preferences.swift */ = {isa = PBXFileReference; lastKnownFileType = sourcecode.swift; path = Preferences.swift; sourceTree = "<group>"; };
		AA73B4F22175601200F7BBF6 /* ViewControllerUtilities.swift */ = {isa = PBXFileReference; lastKnownFileType = sourcecode.swift; path = ViewControllerUtilities.swift; sourceTree = "<group>"; };
		AA73B4F621756FAD00F7BBF6 /* TextConsumer.swift */ = {isa = PBXFileReference; lastKnownFileType = sourcecode.swift; path = TextConsumer.swift; sourceTree = "<group>"; };
		AA73B4F82175A77100F7BBF6 /* ExThingsTabBarController.swift */ = {isa = PBXFileReference; lastKnownFileType = sourcecode.swift; path = ExThingsTabBarController.swift; sourceTree = "<group>"; };
		AA73B5182176962900F7BBF6 /* SegueDelegate.swift */ = {isa = PBXFileReference; fileEncoding = 4; lastKnownFileType = sourcecode.swift; path = SegueDelegate.swift; sourceTree = "<group>"; };
		AA73B51A2176963100F7BBF6 /* DelegatedSegueViewController.swift */ = {isa = PBXFileReference; fileEncoding = 4; lastKnownFileType = sourcecode.swift; path = DelegatedSegueViewController.swift; sourceTree = "<group>"; };
		AA73B5202176B48200F7BBF6 /* Coordinator.swift */ = {isa = PBXFileReference; lastKnownFileType = sourcecode.swift; path = Coordinator.swift; sourceTree = "<group>"; };
		AA73B5222176B63800F7BBF6 /* Storyboarded.swift */ = {isa = PBXFileReference; lastKnownFileType = sourcecode.swift; path = Storyboarded.swift; sourceTree = "<group>"; };
		AA73B5242176B8DB00F7BBF6 /* ExThingsNavigationController.swift */ = {isa = PBXFileReference; lastKnownFileType = sourcecode.swift; path = ExThingsNavigationController.swift; sourceTree = "<group>"; };
		AA73B52A2176EF5A00F7BBF6 /* MainNavigationCoordinator.swift */ = {isa = PBXFileReference; lastKnownFileType = sourcecode.swift; path = MainNavigationCoordinator.swift; sourceTree = "<group>"; };
		AA73B52C2176EFC500F7BBF6 /* MainTabBarCoordinator.swift */ = {isa = PBXFileReference; lastKnownFileType = sourcecode.swift; path = MainTabBarCoordinator.swift; sourceTree = "<group>"; };
		AA73B52E2176F01600F7BBF6 /* MainSplitViewCoordinator.swift */ = {isa = PBXFileReference; lastKnownFileType = sourcecode.swift; path = MainSplitViewCoordinator.swift; sourceTree = "<group>"; };
		AA73B5302176FCED00F7BBF6 /* ExThingsTableCoordinator.swift */ = {isa = PBXFileReference; lastKnownFileType = sourcecode.swift; path = ExThingsTableCoordinator.swift; sourceTree = "<group>"; };
		AA73B53221770A1C00F7BBF6 /* SettingsCoordinator.swift */ = {isa = PBXFileReference; lastKnownFileType = sourcecode.swift; path = SettingsCoordinator.swift; sourceTree = "<group>"; };
		AA73B5342177125E00F7BBF6 /* ExPlaceDetailCoordinator.swift */ = {isa = PBXFileReference; lastKnownFileType = sourcecode.swift; path = ExPlaceDetailCoordinator.swift; sourceTree = "<group>"; };
		AA73B536217716E900F7BBF6 /* ExSpeciesDetailCoordinator.swift */ = {isa = PBXFileReference; lastKnownFileType = sourcecode.swift; path = ExSpeciesDetailCoordinator.swift; sourceTree = "<group>"; };
		AA73B53821771FE900F7BBF6 /* MapCoordinator.swift */ = {isa = PBXFileReference; lastKnownFileType = sourcecode.swift; path = MapCoordinator.swift; sourceTree = "<group>"; };
		AA73B53A217721E700F7BBF6 /* NoteEditorCoordinator.swift */ = {isa = PBXFileReference; lastKnownFileType = sourcecode.swift; path = NoteEditorCoordinator.swift; sourceTree = "<group>"; };
		AAE1A684216E7FF00055FC9A /* ExPlaceDetailInSplitViewViewController.swift */ = {isa = PBXFileReference; lastKnownFileType = sourcecode.swift; path = ExPlaceDetailInSplitViewViewController.swift; sourceTree = "<group>"; };
		AAE1A686216E8BF70055FC9A /* ExSpeciesDetailInSplitViewViewController.swift */ = {isa = PBXFileReference; lastKnownFileType = sourcecode.swift; path = ExSpeciesDetailInSplitViewViewController.swift; sourceTree = "<group>"; };
		AAE1A688216E9A370055FC9A /* ExThingsTableInSplitViewViewController.swift */ = {isa = PBXFileReference; lastKnownFileType = sourcecode.swift; path = ExThingsTableInSplitViewViewController.swift; sourceTree = "<group>"; };
/* End PBXFileReference section */

/* Begin PBXFrameworksBuildPhase section */
		AA022AF72165710F009F9F75 /* Frameworks */ = {
			isa = PBXFrameworksBuildPhase;
			buildActionMask = 2147483647;
			files = (
			);
			runOnlyForDeploymentPostprocessing = 0;
		};
/* End PBXFrameworksBuildPhase section */

/* Begin PBXGroup section */
		AA022AF12165710F009F9F75 = {
			isa = PBXGroup;
			children = (
				AA022AFC2165710F009F9F75 /* ExThings */,
				AA022AFB2165710F009F9F75 /* Products */,
			);
			sourceTree = "<group>";
		};
		AA022AFB2165710F009F9F75 /* Products */ = {
			isa = PBXGroup;
			children = (
				AA022AFA2165710F009F9F75 /* ExThings.app */,
			);
			name = Products;
			sourceTree = "<group>";
		};
		AA022AFC2165710F009F9F75 /* ExThings */ = {
			isa = PBXGroup;
			children = (
				AA022AFD2165710F009F9F75 /* AppDelegate.swift */,
				AA022B012165710F009F9F75 /* Main.storyboard */,
				AA022B0421657110009F9F75 /* Assets.xcassets */,
				AA022B0621657110009F9F75 /* LaunchScreen.storyboard */,
				AA73B4F02175400300F7BBF6 /* Preferences.swift */,
				AA73B4F22175601200F7BBF6 /* ViewControllerUtilities.swift */,
				AA73B51A2176963100F7BBF6 /* DelegatedSegueViewController.swift */,
				AA73B5182176962900F7BBF6 /* SegueDelegate.swift */,
				AA022B0921657110009F9F75 /* Info.plist */,
				AA022B11216571B7009F9F75 /* controller */,
				AA73B51F2176B1A600F7BBF6 /* coordinator */,
				AA022B0F216571A2009F9F75 /* model */,
				AA022B10216571AE009F9F75 /* view */,
			);
			path = ExThings;
			sourceTree = "<group>";
		};
		AA022B0F216571A2009F9F75 /* model */ = {
			isa = PBXGroup;
			children = (
				AA022B32216C224F009F9F75 /* AnnotatedPlace.swift */,
				AA022B34216C231E009F9F75 /* AnnotatedPlace+MapKit.swift */,
				AA022B1621657942009F9F75 /* ExPlace.swift */,
				AA022B222165D9CC009F9F75 /* ExPlacesService.swift */,
				AA022B1421657554009F9F75 /* ExSpecies.swift */,
				AA022B202165BB03009F9F75 /* ExSpeciesService.swift */,
				AA022B1C21658F83009F9F75 /* NamedPlace.swift */,
				AA022B2C216AB261009F9F75 /* ExThing.swift */,
				AA73B4F621756FAD00F7BBF6 /* TextConsumer.swift */,
				AA022B1821657C51009F9F75 /* Place.swift */,
				AA022B1A216589E2009F9F75 /* Place+CoreLocation.swift */,
			);
			path = model;
			sourceTree = "<group>";
		};
		AA022B10216571AE009F9F75 /* view */ = {
			isa = PBXGroup;
			children = (
			);
			path = view;
			sourceTree = "<group>";
		};
		AA022B11216571B7009F9F75 /* controller */ = {
			isa = PBXGroup;
			children = (
				AA022B2421660560009F9F75 /* ExPlaceDetailViewController.swift */,
				AA022B36216C96AC009F9F75 /* ExPlacesTableViewController.swift */,
				AA022B28216AABB1009F9F75 /* ExSpeciesDetailViewController.swift */,
				AA022B42216D6141009F9F75 /* ExSpeciesTableViewController.swift */,
				AA022B2E216BE9FC009F9F75 /* ExSpeciesWidgetViewController.swift */,
				AA73B5242176B8DB00F7BBF6 /* ExThingsNavigationController.swift */,
				AA022B1E2165B186009F9F75 /* ExThingsTableViewController.swift */,
				AA022B30216C1431009F9F75 /* MapViewController.swift */,
				AA73B4CE217264B100F7BBF6 /* NoteEditorViewController.swift */,
				AA73B5222176B63800F7BBF6 /* Storyboarded.swift */,
				AA022B3A216C9AA0009F9F75 /* SettingsViewController.swift */,
				AAE1A68E21715FB60055FC9A /* splitView */,
				AAE1A68F21715FD90055FC9A /* tabBar */,
			);
			path = controller;
			sourceTree = "<group>";
		};
		AA73B51F2176B1A600F7BBF6 /* coordinator */ = {
			isa = PBXGroup;
			children = (
				AA73B5202176B48200F7BBF6 /* Coordinator.swift */,
				AA73B5342177125E00F7BBF6 /* ExPlaceDetailCoordinator.swift */,
				AA73B536217716E900F7BBF6 /* ExSpeciesDetailCoordinator.swift */,
				AA73B5302176FCED00F7BBF6 /* ExThingsTableCoordinator.swift */,
				AA73B52A2176EF5A00F7BBF6 /* MainNavigationCoordinator.swift */,
				AA73B52E2176F01600F7BBF6 /* MainSplitViewCoordinator.swift */,
				AA73B52C2176EFC500F7BBF6 /* MainTabBarCoordinator.swift */,
				AA73B53821771FE900F7BBF6 /* MapCoordinator.swift */,
				AA73B53A217721E700F7BBF6 /* NoteEditorCoordinator.swift */,
				AA73B53221770A1C00F7BBF6 /* SettingsCoordinator.swift */,
			);
			path = coordinator;
			sourceTree = "<group>";
		};
		AAE1A68E21715FB60055FC9A /* splitView */ = {
			isa = PBXGroup;
			children = (
				AAE1A684216E7FF00055FC9A /* ExPlaceDetailInSplitViewViewController.swift */,
				AAE1A686216E8BF70055FC9A /* ExSpeciesDetailInSplitViewViewController.swift */,
				AA022B46216DCC85009F9F75 /* ExThingsSplitViewController.swift */,
				AAE1A688216E9A370055FC9A /* ExThingsTableInSplitViewViewController.swift */,
			);
			path = splitView;
			sourceTree = "<group>";
		};
		AAE1A68F21715FD90055FC9A /* tabBar */ = {
			isa = PBXGroup;
			children = (
				AA73B4F82175A77100F7BBF6 /* ExThingsTabBarController.swift */,
			);
			path = tabBar;
			sourceTree = "<group>";
		};
/* End PBXGroup section */

/* Begin PBXNativeTarget section */
		AA022AF92165710F009F9F75 /* ExThings */ = {
			isa = PBXNativeTarget;
			buildConfigurationList = AA022B0C21657110009F9F75 /* Build configuration list for PBXNativeTarget "ExThings" */;
			buildPhases = (
				AA022AF62165710F009F9F75 /* Sources */,
				AA022AF72165710F009F9F75 /* Frameworks */,
				AA022AF82165710F009F9F75 /* Resources */,
			);
			buildRules = (
			);
			dependencies = (
			);
			name = ExThings;
			productName = ExThings;
			productReference = AA022AFA2165710F009F9F75 /* ExThings.app */;
			productType = "com.apple.product-type.application";
		};
/* End PBXNativeTarget section */

/* Begin PBXProject section */
		AA022AF22165710F009F9F75 /* Project object */ = {
			isa = PBXProject;
			attributes = {
				LastSwiftUpdateCheck = 1000;
				LastUpgradeCheck = 1000;
				ORGANIZATIONNAME = plasticbrain;
				TargetAttributes = {
					AA022AF92165710F009F9F75 = {
						CreatedOnToolsVersion = 10.0;
					};
				};
			};
			buildConfigurationList = AA022AF52165710F009F9F75 /* Build configuration list for PBXProject "ExThings" */;
			compatibilityVersion = "Xcode 9.3";
			developmentRegion = en;
			hasScannedForEncodings = 0;
			knownRegions = (
				en,
				Base,
			);
			mainGroup = AA022AF12165710F009F9F75;
			productRefGroup = AA022AFB2165710F009F9F75 /* Products */;
			projectDirPath = "";
			projectRoot = "";
			targets = (
				AA022AF92165710F009F9F75 /* ExThings */,
			);
		};
/* End PBXProject section */

/* Begin PBXResourcesBuildPhase section */
		AA022AF82165710F009F9F75 /* Resources */ = {
			isa = PBXResourcesBuildPhase;
			buildActionMask = 2147483647;
			files = (
				AA022B0821657110009F9F75 /* LaunchScreen.storyboard in Resources */,
				AA022B0521657110009F9F75 /* Assets.xcassets in Resources */,
				AA022B032165710F009F9F75 /* Main.storyboard in Resources */,
			);
			runOnlyForDeploymentPostprocessing = 0;
		};
/* End PBXResourcesBuildPhase section */

/* Begin PBXSourcesBuildPhase section */
		AA022AF62165710F009F9F75 /* Sources */ = {
			isa = PBXSourcesBuildPhase;
			buildActionMask = 2147483647;
			files = (
				AA022B2521660560009F9F75 /* ExPlaceDetailViewController.swift in Sources */,
				AA022B37216C96AC009F9F75 /* ExPlacesTableViewController.swift in Sources */,
				AA73B4F92175A77100F7BBF6 /* ExThingsTabBarController.swift in Sources */,
				AA73B52D2176EFC500F7BBF6 /* MainTabBarCoordinator.swift in Sources */,
				AA022B33216C224F009F9F75 /* AnnotatedPlace.swift in Sources */,
				AA022B232165D9CC009F9F75 /* ExPlacesService.swift in Sources */,
				AA73B537217716E900F7BBF6 /* ExSpeciesDetailCoordinator.swift in Sources */,
				AA022B1721657942009F9F75 /* ExPlace.swift in Sources */,
				AA022B2D216AB261009F9F75 /* ExThing.swift in Sources */,
				AA73B4F32175601200F7BBF6 /* ViewControllerUtilities.swift in Sources */,
				AA73B5252176B8DB00F7BBF6 /* ExThingsNavigationController.swift in Sources */,
				AAE1A689216E9A370055FC9A /* ExThingsTableInSplitViewViewController.swift in Sources */,
				AA022B1521657554009F9F75 /* ExSpecies.swift in Sources */,
				AA73B4CF217264B100F7BBF6 /* NoteEditorViewController.swift in Sources */,
				AA022B29216AABB1009F9F75 /* ExSpeciesDetailViewController.swift in Sources */,
				AA73B53921771FE900F7BBF6 /* MapCoordinator.swift in Sources */,
				AA022B1F2165B186009F9F75 /* ExThingsTableViewController.swift in Sources */,
				AA73B5192176962900F7BBF6 /* SegueDelegate.swift in Sources */,
				AAE1A685216E7FF00055FC9A /* ExPlaceDetailInSplitViewViewController.swift in Sources */,
				AA73B52B2176EF5A00F7BBF6 /* MainNavigationCoordinator.swift in Sources */,
				AA022B212165BB03009F9F75 /* ExSpeciesService.swift in Sources */,
				AA73B52F2176F01600F7BBF6 /* MainSplitViewCoordinator.swift in Sources */,
				AA73B4F721756FAD00F7BBF6 /* TextConsumer.swift in Sources */,
				AA022B1B216589E2009F9F75 /* Place+CoreLocation.swift in Sources */,
				AAE1A687216E8BF70055FC9A /* ExSpeciesDetailInSplitViewViewController.swift in Sources */,
				AA73B53B217721E700F7BBF6 /* NoteEditorCoordinator.swift in Sources */,
				AA022B35216C231E009F9F75 /* AnnotatedPlace+MapKit.swift in Sources */,
				AA73B5312176FCED00F7BBF6 /* ExThingsTableCoordinator.swift in Sources */,
				AA022AFE2165710F009F9F75 /* AppDelegate.swift in Sources */,
				AA022B1921657C51009F9F75 /* Place.swift in Sources */,
				AA73B4F12175400300F7BBF6 /* Preferences.swift in Sources */,
				AA022B1D21658F83009F9F75 /* NamedPlace.swift in Sources */,
				AA73B5212176B48200F7BBF6 /* Coordinator.swift in Sources */,
				AA022B47216DCC85009F9F75 /* ExThingsSplitViewController.swift in Sources */,
				AA73B53321770A1C00F7BBF6 /* SettingsCoordinator.swift in Sources */,
				AA022B43216D6141009F9F75 /* ExSpeciesTableViewController.swift in Sources */,
				AA73B51B2176963200F7BBF6 /* DelegatedSegueViewController.swift in Sources */,
				AA73B5352177125E00F7BBF6 /* ExPlaceDetailCoordinator.swift in Sources */,
				AA022B2F216BE9FC009F9F75 /* ExSpeciesWidgetViewController.swift in Sources */,
				AA022B31216C1431009F9F75 /* MapViewController.swift in Sources */,
				AA022B3B216C9AA0009F9F75 /* SettingsViewController.swift in Sources */,
				AA73B5232176B63800F7BBF6 /* Storyboarded.swift in Sources */,
			);
			runOnlyForDeploymentPostprocessing = 0;
		};
/* End PBXSourcesBuildPhase section */

/* Begin PBXVariantGroup section */
		AA022B012165710F009F9F75 /* Main.storyboard */ = {
			isa = PBXVariantGroup;
			children = (
				AA022B022165710F009F9F75 /* Base */,
			);
			name = Main.storyboard;
			sourceTree = "<group>";
		};
		AA022B0621657110009F9F75 /* LaunchScreen.storyboard */ = {
			isa = PBXVariantGroup;
			children = (
				AA022B0721657110009F9F75 /* Base */,
			);
			name = LaunchScreen.storyboard;
			sourceTree = "<group>";
		};
/* End PBXVariantGroup section */

/* Begin XCBuildConfiguration section */
		AA022B0A21657110009F9F75 /* Debug */ = {
			isa = XCBuildConfiguration;
			buildSettings = {
				ALWAYS_SEARCH_USER_PATHS = NO;
				CLANG_ANALYZER_NONNULL = YES;
				CLANG_ANALYZER_NUMBER_OBJECT_CONVERSION = YES_AGGRESSIVE;
				CLANG_CXX_LANGUAGE_STANDARD = "gnu++14";
				CLANG_CXX_LIBRARY = "libc++";
				CLANG_ENABLE_MODULES = YES;
				CLANG_ENABLE_OBJC_ARC = YES;
				CLANG_ENABLE_OBJC_WEAK = YES;
				CLANG_WARN_BLOCK_CAPTURE_AUTORELEASING = YES;
				CLANG_WARN_BOOL_CONVERSION = YES;
				CLANG_WARN_COMMA = YES;
				CLANG_WARN_CONSTANT_CONVERSION = YES;
				CLANG_WARN_DEPRECATED_OBJC_IMPLEMENTATIONS = YES;
				CLANG_WARN_DIRECT_OBJC_ISA_USAGE = YES_ERROR;
				CLANG_WARN_DOCUMENTATION_COMMENTS = YES;
				CLANG_WARN_EMPTY_BODY = YES;
				CLANG_WARN_ENUM_CONVERSION = YES;
				CLANG_WARN_INFINITE_RECURSION = YES;
				CLANG_WARN_INT_CONVERSION = YES;
				CLANG_WARN_NON_LITERAL_NULL_CONVERSION = YES;
				CLANG_WARN_OBJC_IMPLICIT_RETAIN_SELF = YES;
				CLANG_WARN_OBJC_LITERAL_CONVERSION = YES;
				CLANG_WARN_OBJC_ROOT_CLASS = YES_ERROR;
				CLANG_WARN_RANGE_LOOP_ANALYSIS = YES;
				CLANG_WARN_STRICT_PROTOTYPES = YES;
				CLANG_WARN_SUSPICIOUS_MOVE = YES;
				CLANG_WARN_UNGUARDED_AVAILABILITY = YES_AGGRESSIVE;
				CLANG_WARN_UNREACHABLE_CODE = YES;
				CLANG_WARN__DUPLICATE_METHOD_MATCH = YES;
				CODE_SIGN_IDENTITY = "iPhone Developer";
				COPY_PHASE_STRIP = NO;
				DEBUG_INFORMATION_FORMAT = dwarf;
				ENABLE_STRICT_OBJC_MSGSEND = YES;
				ENABLE_TESTABILITY = YES;
				GCC_C_LANGUAGE_STANDARD = gnu11;
				GCC_DYNAMIC_NO_PIC = NO;
				GCC_NO_COMMON_BLOCKS = YES;
				GCC_OPTIMIZATION_LEVEL = 0;
				GCC_PREPROCESSOR_DEFINITIONS = (
					"DEBUG=1",
					"$(inherited)",
				);
				GCC_WARN_64_TO_32_BIT_CONVERSION = YES;
				GCC_WARN_ABOUT_RETURN_TYPE = YES_ERROR;
				GCC_WARN_UNDECLARED_SELECTOR = YES;
				GCC_WARN_UNINITIALIZED_AUTOS = YES_AGGRESSIVE;
				GCC_WARN_UNUSED_FUNCTION = YES;
				GCC_WARN_UNUSED_VARIABLE = YES;
				IPHONEOS_DEPLOYMENT_TARGET = 12.0;
				MTL_ENABLE_DEBUG_INFO = INCLUDE_SOURCE;
				MTL_FAST_MATH = YES;
				ONLY_ACTIVE_ARCH = YES;
				SDKROOT = iphoneos;
				SWIFT_ACTIVE_COMPILATION_CONDITIONS = DEBUG;
				SWIFT_OPTIMIZATION_LEVEL = "-Onone";
			};
			name = Debug;
		};
		AA022B0B21657110009F9F75 /* Release */ = {
			isa = XCBuildConfiguration;
			buildSettings = {
				ALWAYS_SEARCH_USER_PATHS = NO;
				CLANG_ANALYZER_NONNULL = YES;
				CLANG_ANALYZER_NUMBER_OBJECT_CONVERSION = YES_AGGRESSIVE;
				CLANG_CXX_LANGUAGE_STANDARD = "gnu++14";
				CLANG_CXX_LIBRARY = "libc++";
				CLANG_ENABLE_MODULES = YES;
				CLANG_ENABLE_OBJC_ARC = YES;
				CLANG_ENABLE_OBJC_WEAK = YES;
				CLANG_WARN_BLOCK_CAPTURE_AUTORELEASING = YES;
				CLANG_WARN_BOOL_CONVERSION = YES;
				CLANG_WARN_COMMA = YES;
				CLANG_WARN_CONSTANT_CONVERSION = YES;
				CLANG_WARN_DEPRECATED_OBJC_IMPLEMENTATIONS = YES;
				CLANG_WARN_DIRECT_OBJC_ISA_USAGE = YES_ERROR;
				CLANG_WARN_DOCUMENTATION_COMMENTS = YES;
				CLANG_WARN_EMPTY_BODY = YES;
				CLANG_WARN_ENUM_CONVERSION = YES;
				CLANG_WARN_INFINITE_RECURSION = YES;
				CLANG_WARN_INT_CONVERSION = YES;
				CLANG_WARN_NON_LITERAL_NULL_CONVERSION = YES;
				CLANG_WARN_OBJC_IMPLICIT_RETAIN_SELF = YES;
				CLANG_WARN_OBJC_LITERAL_CONVERSION = YES;
				CLANG_WARN_OBJC_ROOT_CLASS = YES_ERROR;
				CLANG_WARN_RANGE_LOOP_ANALYSIS = YES;
				CLANG_WARN_STRICT_PROTOTYPES = YES;
				CLANG_WARN_SUSPICIOUS_MOVE = YES;
				CLANG_WARN_UNGUARDED_AVAILABILITY = YES_AGGRESSIVE;
				CLANG_WARN_UNREACHABLE_CODE = YES;
				CLANG_WARN__DUPLICATE_METHOD_MATCH = YES;
				CODE_SIGN_IDENTITY = "iPhone Developer";
				COPY_PHASE_STRIP = NO;
				DEBUG_INFORMATION_FORMAT = "dwarf-with-dsym";
				ENABLE_NS_ASSERTIONS = NO;
				ENABLE_STRICT_OBJC_MSGSEND = YES;
				GCC_C_LANGUAGE_STANDARD = gnu11;
				GCC_NO_COMMON_BLOCKS = YES;
				GCC_WARN_64_TO_32_BIT_CONVERSION = YES;
				GCC_WARN_ABOUT_RETURN_TYPE = YES_ERROR;
				GCC_WARN_UNDECLARED_SELECTOR = YES;
				GCC_WARN_UNINITIALIZED_AUTOS = YES_AGGRESSIVE;
				GCC_WARN_UNUSED_FUNCTION = YES;
				GCC_WARN_UNUSED_VARIABLE = YES;
				IPHONEOS_DEPLOYMENT_TARGET = 12.0;
				MTL_ENABLE_DEBUG_INFO = NO;
				MTL_FAST_MATH = YES;
				SDKROOT = iphoneos;
				SWIFT_COMPILATION_MODE = wholemodule;
				SWIFT_OPTIMIZATION_LEVEL = "-O";
				VALIDATE_PRODUCT = YES;
			};
			name = Release;
		};
		AA022B0D21657110009F9F75 /* Debug */ = {
			isa = XCBuildConfiguration;
			buildSettings = {
				ASSETCATALOG_COMPILER_APPICON_NAME = AppIcon;
				CODE_SIGN_STYLE = Automatic;
				DEVELOPMENT_TEAM = AUJ5T35M6M;
				INFOPLIST_FILE = ExThings/Info.plist;
				LD_RUNPATH_SEARCH_PATHS = (
					"$(inherited)",
					"@executable_path/Frameworks",
				);
				PRODUCT_BUNDLE_IDENTIFIER = com.plasticbrain.ExThings;
				PRODUCT_NAME = "$(TARGET_NAME)";
				SWIFT_VERSION = 4.2;
				TARGETED_DEVICE_FAMILY = "1,2";
			};
			name = Debug;
		};
		AA022B0E21657110009F9F75 /* Release */ = {
			isa = XCBuildConfiguration;
			buildSettings = {
				ASSETCATALOG_COMPILER_APPICON_NAME = AppIcon;
				CODE_SIGN_STYLE = Automatic;
				DEVELOPMENT_TEAM = AUJ5T35M6M;
				INFOPLIST_FILE = ExThings/Info.plist;
				LD_RUNPATH_SEARCH_PATHS = (
					"$(inherited)",
					"@executable_path/Frameworks",
				);
				PRODUCT_BUNDLE_IDENTIFIER = com.plasticbrain.ExThings;
				PRODUCT_NAME = "$(TARGET_NAME)";
				SWIFT_VERSION = 4.2;
				TARGETED_DEVICE_FAMILY = "1,2";
			};
			name = Release;
		};
/* End XCBuildConfiguration section */

/* Begin XCConfigurationList section */
		AA022AF52165710F009F9F75 /* Build configuration list for PBXProject "ExThings" */ = {
			isa = XCConfigurationList;
			buildConfigurations = (
				AA022B0A21657110009F9F75 /* Debug */,
				AA022B0B21657110009F9F75 /* Release */,
			);
			defaultConfigurationIsVisible = 0;
			defaultConfigurationName = Release;
		};
		AA022B0C21657110009F9F75 /* Build configuration list for PBXNativeTarget "ExThings" */ = {
			isa = XCConfigurationList;
			buildConfigurations = (
				AA022B0D21657110009F9F75 /* Debug */,
				AA022B0E21657110009F9F75 /* Release */,
			);
			defaultConfigurationIsVisible = 0;
			defaultConfigurationName = Release;
		};
/* End XCConfigurationList section */
	};
	rootObject = AA022AF22165710F009F9F75 /* Project object */;
}
